
Microsoft Visual Studio Solution File, Format Version 12.00
# Visual Studio Version 17
VisualStudioVersion = 17.14.36429.23
MinimumVisualStudioVersion = 10.0.40219.1
Project("{2150E333-8FDC-42A3-9474-1A3956D46DE8}") = "Task0", "Task0", "{02EA681E-C7D8-13C7-8484-4AC65E1B71E8}"
EndProject
Project("{FAE04EC0-301F-11D3-BF4B-00C04F79EFBC}") = "Tyuiu.MihajlichenkoSB.Sprint0.Task0.V1", "..\Tyuiu.MihajlichenkoSB.Sprint0.Task0.V1\Tyuiu.MihajlichenkoSB.Sprint0.Task0.V1.csproj", "{8EA821CC-1926-495F-8EA4-3EC382F84B0B}"
EndProject
Project("{2150E333-8FDC-42A3-9474-1A3956D46DE8}") = "Task1", "Task1", "{AAED1580-1E5C-414B-8516-9C210A1368D2}"
EndProject
Project("{FAE04EC0-301F-11D3-BF4B-00C04F79EFBC}") = "Tyuiu.MihajlichenkoSB.Sprint0.Task1.V1", "Tyuiu.MihajlichenkoSB.Sprint0.Task1.V1\Tyuiu.MihajlichenkoSB.Sprint0.Task1.V1.csproj", "{02FF22FC-43A0-4A56-AA88-005DA3AA5B02}"
EndProject
Project("{2150E333-8FDC-42A3-9474-1A3956D46DE8}") = "Task2", "Task2", "{83FD5B90-CAF0-4321-8AFA-789436D36FA7}"
EndProject
Project("{FAE04EC0-301F-11D3-BF4B-00C04F79EFBC}") = "Tyuiu.MihajlichenkoSB.Sprint0.Task2.V1.Lib", "Tyuiu.MihajlichenkoSB.Sprint0.Task2.V1.Lib\Tyuiu.MihajlichenkoSB.Sprint0.Task2.V1.Lib.csproj", "{941BE372-9935-4265-BD4A-770575B440C1}"
EndProject
Project("{FAE04EC0-301F-11D3-BF4B-00C04F79EFBC}") = "Tyuiu.MihajlichenkoSB.Sprint0.Task2.V1", "Tyuiu.MihajlichenkoSB.Sprint0.Task2.V1\Tyuiu.MihajlichenkoSB.Sprint0.Task2.V1.csproj", "{246D2C3A-5ED9-40B3-9D42-D1C49C07EE30}"
EndProject
Project("{FAE04EC0-301F-11D3-BF4B-00C04F79EFBC}") = "Tyuiu.MihajlichenkoSB.Sprint0.Task2.V1.Test", "Tyuiu.MihajlichenkoSB.Sprint0.Task2.V1.Test\Tyuiu.MihajlichenkoSB.Sprint0.Task2.V1.Test.csproj", "{B9998DD7-3C84-4A98-BCE6-3AB3A821A338}"
EndProject
Project("{2150E333-8FDC-42A3-9474-1A3956D46DE8}") = "Task 3", "Task 3", "{71506F4D-FA97-4683-B38B-8B6177A65085}"
EndProject
Project("{FAE04EC0-301F-11D3-BF4B-00C04F79EFBC}") = "Tyuiu.MihajlichenkoSB.Sprint0.Task3.V1.Lib", "Tyuiu.MihajlichenkoSB.Sprint0.Task3.V1.Lib\Tyuiu.MihajlichenkoSB.Sprint0.Task3.V1.Lib.csproj", "{148D8733-22FB-4CFC-9DA9-B4928310722D}"
EndProject
Project("{FAE04EC0-301F-11D3-BF4B-00C04F79EFBC}") = "Tyuiu.MihajlichenkoSB.Sprint0.Task3.V1.Test", "Tyuiu.MihajlichenkoSB.Sprint0.Task3.V1.Test\Tyuiu.MihajlichenkoSB.Sprint0.Task3.V1.Test.csproj", "{4879548D-7ECF-4101-8404-E667908C2593}"
EndProject
Project("{FAE04EC0-301F-11D3-BF4B-00C04F79EFBC}") = "Tyuiu.MihajlichenkoSB.Sprint0.Task3.V1", "Tyuiu.MihajlichenkoSB.Sprint0.Task3.V1\Tyuiu.MihajlichenkoSB.Sprint0.Task3.V1.csproj", "{13E2CB4F-8A8B-4FCC-958E-BB0D36A144B4}"
EndProject
Project("{2150E333-8FDC-42A3-9474-1A3956D46DE8}") = "Task4", "Task4", "{553AE384-7B7F-4B04-B10C-FE86B7328A58}"
EndProject
Project("{FAE04EC0-301F-11D3-BF4B-00C04F79EFBC}") = "Tyuiu.MihajlichenkoSB.Sprint0.Task4.V1", "Tyuiu.MihajlichenkoSB.Sprint0.Task4.V1\Tyuiu.MihajlichenkoSB.Sprint0.Task4.V1.csproj", "{025CD4BE-73E6-440E-B1CB-34B312148C20}"
EndProject
Project("{FAE04EC0-301F-11D3-BF4B-00C04F79EFBC}") = "Tyuiu.MihajlichenkoSB.Sprint0.Task4.V1.Lib", "Tyuiu.MihajlichenkoSB.Sprint0.Task4.V1.Lib\Tyuiu.MihajlichenkoSB.Sprint0.Task4.V1.Lib.csproj", "{B452A123-890D-4ADB-AF97-EB0D877E0B9F}"
EndProject
Project("{FAE04EC0-301F-11D3-BF4B-00C04F79EFBC}") = "Tyuiu.MihajlichenkoSB.Sprint0.Task4.V1.Test", "Tyuiu.MihajlichenkoSB.Sprint0.Task4.V1.Test\Tyuiu.MihajlichenkoSB.Sprint0.Task4.V1.Test.csproj", "{CED96D93-F2E9-4347-A5EE-645BE3F8CD43}"
EndProject
Global
	GlobalSection(SolutionConfigurationPlatforms) = preSolution
		Debug|Any CPU = Debug|Any CPU
		Release|Any CPU = Release|Any CPU
	EndGlobalSection
	GlobalSection(ProjectConfigurationPlatforms) = postSolution
		{8EA821CC-1926-495F-8EA4-3EC382F84B0B}.Debug|Any CPU.ActiveCfg = Debug|Any CPU
		{8EA821CC-1926-495F-8EA4-3EC382F84B0B}.Debug|Any CPU.Build.0 = Debug|Any CPU
		{8EA821CC-1926-495F-8EA4-3EC382F84B0B}.Release|Any CPU.ActiveCfg = Release|Any CPU
		{8EA821CC-1926-495F-8EA4-3EC382F84B0B}.Release|Any CPU.Build.0 = Release|Any CPU
		{02FF22FC-43A0-4A56-AA88-005DA3AA5B02}.Debug|Any CPU.ActiveCfg = Debug|Any CPU
		{02FF22FC-43A0-4A56-AA88-005DA3AA5B02}.Debug|Any CPU.Build.0 = Debug|Any CPU
		{02FF22FC-43A0-4A56-AA88-005DA3AA5B02}.Release|Any CPU.ActiveCfg = Release|Any CPU
		{02FF22FC-43A0-4A56-AA88-005DA3AA5B02}.Release|Any CPU.Build.0 = Release|Any CPU
		{941BE372-9935-4265-BD4A-770575B440C1}.Debug|Any CPU.ActiveCfg = Debug|Any CPU
		{941BE372-9935-4265-BD4A-770575B440C1}.Debug|Any CPU.Build.0 = Debug|Any CPU
		{941BE372-9935-4265-BD4A-770575B440C1}.Release|Any CPU.ActiveCfg = Release|Any CPU
		{941BE372-9935-4265-BD4A-770575B440C1}.Release|Any CPU.Build.0 = Release|Any CPU
		{246D2C3A-5ED9-40B3-9D42-D1C49C07EE30}.Debug|Any CPU.ActiveCfg = Debug|Any CPU
		{246D2C3A-5ED9-40B3-9D42-D1C49C07EE30}.Debug|Any CPU.Build.0 = Debug|Any CPU
		{246D2C3A-5ED9-40B3-9D42-D1C49C07EE30}.Release|Any CPU.ActiveCfg = Release|Any CPU
		{246D2C3A-5ED9-40B3-9D42-D1C49C07EE30}.Release|Any CPU.Build.0 = Release|Any CPU
		{B9998DD7-3C84-4A98-BCE6-3AB3A821A338}.Debug|Any CPU.ActiveCfg = Debug|Any CPU
		{B9998DD7-3C84-4A98-BCE6-3AB3A821A338}.Debug|Any CPU.Build.0 = Debug|Any CPU
		{B9998DD7-3C84-4A98-BCE6-3AB3A821A338}.Release|Any CPU.ActiveCfg = Release|Any CPU
		{B9998DD7-3C84-4A98-BCE6-3AB3A821A338}.Release|Any CPU.Build.0 = Release|Any CPU
		{148D8733-22FB-4CFC-9DA9-B4928310722D}.Debug|Any CPU.ActiveCfg = Debug|Any CPU
		{148D8733-22FB-4CFC-9DA9-B4928310722D}.Debug|Any CPU.Build.0 = Debug|Any CPU
		{148D8733-22FB-4CFC-9DA9-B4928310722D}.Release|Any CPU.ActiveCfg = Release|Any CPU
		{148D8733-22FB-4CFC-9DA9-B4928310722D}.Release|Any CPU.Build.0 = Release|Any CPU
		{4879548D-7ECF-4101-8404-E667908C2593}.Debug|Any CPU.ActiveCfg = Debug|Any CPU
		{4879548D-7ECF-4101-8404-E667908C2593}.Debug|Any CPU.Build.0 = Debug|Any CPU
		{4879548D-7ECF-4101-8404-E667908C2593}.Release|Any CPU.ActiveCfg = Release|Any CPU
		{4879548D-7ECF-4101-8404-E667908C2593}.Release|Any CPU.Build.0 = Release|Any CPU
		{13E2CB4F-8A8B-4FCC-958E-BB0D36A144B4}.Debug|Any CPU.ActiveCfg = Debug|Any CPU
		{13E2CB4F-8A8B-4FCC-958E-BB0D36A144B4}.Debug|Any CPU.Build.0 = Debug|Any CPU
		{13E2CB4F-8A8B-4FCC-958E-BB0D36A144B4}.Release|Any CPU.ActiveCfg = Release|Any CPU
		{13E2CB4F-8A8B-4FCC-958E-BB0D36A144B4}.Release|Any CPU.Build.0 = Release|Any CPU
		{025CD4BE-73E6-440E-B1CB-34B312148C20}.Debug|Any CPU.ActiveCfg = Debug|Any CPU
		{025CD4BE-73E6-440E-B1CB-34B312148C20}.Debug|Any CPU.Build.0 = Debug|Any CPU
		{025CD4BE-73E6-440E-B1CB-34B312148C20}.Release|Any CPU.ActiveCfg = Release|Any CPU
		{025CD4BE-73E6-440E-B1CB-34B312148C20}.Release|Any CPU.Build.0 = Release|Any CPU
		{B452A123-890D-4ADB-AF97-EB0D877E0B9F}.Debug|Any CPU.ActiveCfg = Debug|Any CPU
		{B452A123-890D-4ADB-AF97-EB0D877E0B9F}.Debug|Any CPU.Build.0 = Debug|Any CPU
		{B452A123-890D-4ADB-AF97-EB0D877E0B9F}.Release|Any CPU.ActiveCfg = Release|Any CPU
		{B452A123-890D-4ADB-AF97-EB0D877E0B9F}.Release|Any CPU.Build.0 = Release|Any CPU
		{CED96D93-F2E9-4347-A5EE-645BE3F8CD43}.Debug|Any CPU.ActiveCfg = Debug|Any CPU
		{CED96D93-F2E9-4347-A5EE-645BE3F8CD43}.Debug|Any CPU.Build.0 = Debug|Any CPU
		{CED96D93-F2E9-4347-A5EE-645BE3F8CD43}.Release|Any CPU.ActiveCfg = Release|Any CPU
		{CED96D93-F2E9-4347-A5EE-645BE3F8CD43}.Release|Any CPU.Build.0 = Release|Any CPU
	EndGlobalSection
	GlobalSection(SolutionProperties) = preSolution
		HideSolutionNode = FALSE
	EndGlobalSection
	GlobalSection(NestedProjects) = preSolution
		{8EA821CC-1926-495F-8EA4-3EC382F84B0B} = {02EA681E-C7D8-13C7-8484-4AC65E1B71E8}
		{02FF22FC-43A0-4A56-AA88-005DA3AA5B02} = {AAED1580-1E5C-414B-8516-9C210A1368D2}
		{941BE372-9935-4265-BD4A-770575B440C1} = {83FD5B90-CAF0-4321-8AFA-789436D36FA7}
		{246D2C3A-5ED9-40B3-9D42-D1C49C07EE30} = {83FD5B90-CAF0-4321-8AFA-789436D36FA7}
		{B9998DD7-3C84-4A98-BCE6-3AB3A821A338} = {83FD5B90-CAF0-4321-8AFA-789436D36FA7}
		{148D8733-22FB-4CFC-9DA9-B4928310722D} = {71506F4D-FA97-4683-B38B-8B6177A65085}
		{4879548D-7ECF-4101-8404-E667908C2593} = {71506F4D-FA97-4683-B38B-8B6177A65085}
		{13E2CB4F-8A8B-4FCC-958E-BB0D36A144B4} = {71506F4D-FA97-4683-B38B-8B6177A65085}
		{025CD4BE-73E6-440E-B1CB-34B312148C20} = {553AE384-7B7F-4B04-B10C-FE86B7328A58}
		{B452A123-890D-4ADB-AF97-EB0D877E0B9F} = {553AE384-7B7F-4B04-B10C-FE86B7328A58}
		{CED96D93-F2E9-4347-A5EE-645BE3F8CD43} = {553AE384-7B7F-4B04-B10C-FE86B7328A58}
	EndGlobalSection
	GlobalSection(ExtensibilityGlobals) = postSolution
		SolutionGuid = {A1C11DCB-0758-4B13-9DDA-7BC12795E1AD}
	EndGlobalSection
EndGlobal
